
Microsoft Visual Studio Solution File, Format Version 12.00
# Visual Studio Version 16
VisualStudioVersion = 16.0.31911.196
MinimumVisualStudioVersion = 10.0.40219.1
Project("{FAE04EC0-301F-11D3-BF4B-00C04F79EFBC}") = "BooksharingBot2.0", "BooksharingBot2.0.csproj", "{77F8C6B7-E9B9-4F4E-8E23-975A0D375641}"
EndProject
Global
	GlobalSection(SolutionConfigurationPlatforms) = preSolution
		Debug|Any CPU = Debug|Any CPU
		Release|Any CPU = Release|Any CPU
	EndGlobalSection
	GlobalSection(ProjectConfigurationPlatforms) = postSolution
		{77F8C6B7-E9B9-4F4E-8E23-975A0D375641}.Debug|Any CPU.ActiveCfg = Debug|Any CPU
		{77F8C6B7-E9B9-4F4E-8E23-975A0D375641}.Debug|Any CPU.Build.0 = Debug|Any CPU
		{77F8C6B7-E9B9-4F4E-8E23-975A0D375641}.Release|Any CPU.ActiveCfg = Release|Any CPU
		{77F8C6B7-E9B9-4F4E-8E23-975A0D375641}.Release|Any CPU.Build.0 = Release|Any CPU
	EndGlobalSection
	GlobalSection(SolutionProperties) = preSolution
		HideSolutionNode = FALSE
	EndGlobalSection
	GlobalSection(ExtensibilityGlobals) = postSolution
		SolutionGuid = {35F7B121-FCB7-49B3-BAD8-7D32387227DE}
	EndGlobalSection
EndGlobal
